
Microsoft Visual Studio Solution File, Format Version 12.00
# Visual Studio Version 17
VisualStudioVersion = 17.0.32112.339
MinimumVisualStudioVersion = 10.0.40219.1
Project("{FAE04EC0-301F-11D3-BF4B-00C04F79EFBC}") = "PrgLib", "PrgLib\PrgLib.csproj", "{37164BD0-D9A8-4729-A94D-BFC3E14102E1}"
EndProject
Project("{FAE04EC0-301F-11D3-BF4B-00C04F79EFBC}") = "PrgLib.Core", "PrgLib.Core\PrgLib.Core.csproj", "{FF1F39C8-71D4-4580-ABFD-E842E7425A38}"
EndProject
Project("{FAE04EC0-301F-11D3-BF4B-00C04F79EFBC}") = "PrgLib.Infrastructure", "PrgLib.Infrastructure\PrgLib.Infrastructure.csproj", "{3592EDDC-851D-4FDF-9D39-6EBF143D7FCA}"
EndProject
Global
	GlobalSection(SolutionConfigurationPlatforms) = preSolution
		Debug|Any CPU = Debug|Any CPU
		Release|Any CPU = Release|Any CPU
	EndGlobalSection
	GlobalSection(ProjectConfigurationPlatforms) = postSolution
		{37164BD0-D9A8-4729-A94D-BFC3E14102E1}.Debug|Any CPU.ActiveCfg = Debug|Any CPU
		{37164BD0-D9A8-4729-A94D-BFC3E14102E1}.Debug|Any CPU.Build.0 = Debug|Any CPU
		{37164BD0-D9A8-4729-A94D-BFC3E14102E1}.Release|Any CPU.ActiveCfg = Release|Any CPU
		{37164BD0-D9A8-4729-A94D-BFC3E14102E1}.Release|Any CPU.Build.0 = Release|Any CPU
		{FF1F39C8-71D4-4580-ABFD-E842E7425A38}.Debug|Any CPU.ActiveCfg = Debug|Any CPU
		{FF1F39C8-71D4-4580-ABFD-E842E7425A38}.Debug|Any CPU.Build.0 = Debug|Any CPU
		{FF1F39C8-71D4-4580-ABFD-E842E7425A38}.Release|Any CPU.ActiveCfg = Release|Any CPU
		{FF1F39C8-71D4-4580-ABFD-E842E7425A38}.Release|Any CPU.Build.0 = Release|Any CPU
		{3592EDDC-851D-4FDF-9D39-6EBF143D7FCA}.Debug|Any CPU.ActiveCfg = Debug|Any CPU
		{3592EDDC-851D-4FDF-9D39-6EBF143D7FCA}.Debug|Any CPU.Build.0 = Debug|Any CPU
		{3592EDDC-851D-4FDF-9D39-6EBF143D7FCA}.Release|Any CPU.ActiveCfg = Release|Any CPU
		{3592EDDC-851D-4FDF-9D39-6EBF143D7FCA}.Release|Any CPU.Build.0 = Release|Any CPU
	EndGlobalSection
	GlobalSection(SolutionProperties) = preSolution
		HideSolutionNode = FALSE
	EndGlobalSection
	GlobalSection(ExtensibilityGlobals) = postSolution
		SolutionGuid = {A8D6400E-2402-4819-A363-353EAA30E77A}
	EndGlobalSection
EndGlobal
